{
  "projects": [
    {
      "projectId": "kS7YGZfVr6mU43XDQjXELc",
      "version": "0.15.0",
      "dependencies": {},
      "lang": "ts",
      "fileLocks": [
        {
          "assetId": "kS7YGZfVr6mU43XDQjXELc",
          "type": "projectCss",
          "checksum": "e1ec850476829c38b0f9b6d4f7ac446a"
        }
      ],
      "codegenVersion": "0.0.1"
    },
    {
      "projectId": "9Vr5YWkf3w7jj6SsTcCEta",
      "version": "0.10.0",
      "dependencies": {},
      "lang": "ts",
      "fileLocks": [
        {
          "assetId": "9Vr5YWkf3w7jj6SsTcCEta",
          "type": "projectCss",
          "checksum": "e1ec850476829c38b0f9b6d4f7ac446a"
        }
      ],
      "codegenVersion": "0.0.1"
    },
    {
      "projectId": "jkU633o1Cz7HrJdwdxhVHk",
      "version": "16.10.0",
      "dependencies": {},
      "lang": "ts",
      "fileLocks": [
        {
          "assetId": "jkU633o1Cz7HrJdwdxhVHk",
          "type": "projectCss",
          "checksum": "0581d4378bb1604bb5fe3f65bb0a37de"
        }
      ],
      "codegenVersion": "0.0.1"
    },
    {
      "projectId": "ohDidvG9XsCeFumugENU3J",
      "version": "6.24.0",
      "dependencies": {},
      "lang": "ts",
      "fileLocks": [
        {
          "assetId": "ohDidvG9XsCeFumugENU3J",
          "type": "projectCss",
          "checksum": "fd83b730367fdbde2c69bc6cf31c2a3c"
        },
        {
          "assetId": "ohDidvG9XsCeFumugENU3J",
          "checksum": "de0a0e65174a6a185a8f822af51c6bdd",
          "type": "globalContexts"
        }
      ],
      "codegenVersion": "0.0.1"
    },
    {
      "projectId": "rPFPMaHQG1SUnR9RJDKCAh",
      "version": "latest",
      "dependencies": {
        "ohDidvG9XsCeFumugENU3J": "6.24.0",
        "jkU633o1Cz7HrJdwdxhVHk": "16.10.0",
        "9Vr5YWkf3w7jj6SsTcCEta": "0.10.0",
        "kS7YGZfVr6mU43XDQjXELc": "0.15.0"
      },
      "lang": "ts",
      "fileLocks": [
        {
          "type": "globalVariant",
          "assetId": "THPnRPdlM3OR",
          "checksum": "fae1084436d23735468d3ea862516a82"
        },
        {
          "assetId": "rPFPMaHQG1SUnR9RJDKCAh",
          "type": "projectCss",
          "checksum": "e3f9eceb994d8ff9e5d82652fbd8cf48"
        },
        {
          "assetId": "rPFPMaHQG1SUnR9RJDKCAh",
          "checksum": "87b4a5a3719743ed76a29f4fe6e10104",
          "type": "globalContexts"
        },
        {
          "type": "renderModule",
          "assetId": "VGljfr-IjQgq",
          "checksum": "eff8def66131d9db92c62ff921dc661e"
        },
        {
          "type": "cssRules",
          "assetId": "VGljfr-IjQgq",
          "checksum": "eff8def66131d9db92c62ff921dc661e"
        },
        {
          "type": "renderModule",
          "assetId": "R3z5KRAspWPt",
          "checksum": "f626bc6d9b02c8352c4bca832d8aea53"
        },
        {
          "type": "cssRules",
          "assetId": "R3z5KRAspWPt",
          "checksum": "f626bc6d9b02c8352c4bca832d8aea53"
        },
        {
          "type": "renderModule",
          "assetId": "iAriptSG9zeG",
          "checksum": "db208216eca4e0417b2341588b65fe27"
        },
        {
          "type": "cssRules",
          "assetId": "iAriptSG9zeG",
          "checksum": "db208216eca4e0417b2341588b65fe27"
        },
        {
          "type": "renderModule",
          "assetId": "YvyftKJEvGL9",
          "checksum": "b170c3076b064e888ba37c4ebd14a2be"
        },
        {
          "type": "cssRules",
          "assetId": "YvyftKJEvGL9",
          "checksum": "b170c3076b064e888ba37c4ebd14a2be"
        },
        {
          "type": "renderModule",
          "assetId": "5jED1yEu_uvB",
          "checksum": "63f0ae25890b77d752e05dd3a87ae9d4"
        },
        {
          "type": "cssRules",
          "assetId": "5jED1yEu_uvB",
          "checksum": "63f0ae25890b77d752e05dd3a87ae9d4"
        },
        {
          "type": "renderModule",
          "assetId": "UmTHwg1G9McV",
          "checksum": "f5dcd9b15df2cd3ac22ef2ec9c999201"
        },
        {
          "type": "cssRules",
          "assetId": "UmTHwg1G9McV",
          "checksum": "f5dcd9b15df2cd3ac22ef2ec9c999201"
        },
        {
          "type": "renderModule",
          "assetId": "SbR2z39VvnFP",
          "checksum": "3975b95081e2eeb2e4e81dbeff3a404d"
        },
        {
          "type": "cssRules",
          "assetId": "SbR2z39VvnFP",
          "checksum": "3975b95081e2eeb2e4e81dbeff3a404d"
        },
        {
          "type": "renderModule",
          "assetId": "_s-_aTbI8-Rx",
          "checksum": "4b7a9ae8452065f3d3e82a905a5ad0f4"
        },
        {
          "type": "cssRules",
          "assetId": "_s-_aTbI8-Rx",
          "checksum": "4b7a9ae8452065f3d3e82a905a5ad0f4"
        },
        {
          "type": "icon",
          "assetId": "nuEp3nrMc__M",
          "checksum": "2bfa2143476e6bf8119ec7f744d42ff0"
        },
        {
          "type": "icon",
          "assetId": "2Moq9gqPm4fn",
          "checksum": "52d9fe43809ed7163d481c7c118aa6ce"
        },
        {
          "type": "image",
          "assetId": "MhcY0kDCP_RQ",
          "checksum": "1248cc2825b0ddb20a5773e78236cb33"
        },
        {
          "type": "image",
          "assetId": "YKbfueR58Q_a",
          "checksum": "247284a223855fe61f952583c119efe6"
        },
        {
          "type": "image",
          "assetId": "Zyx74Cgms32c",
          "checksum": "35beead7a73ae572339c7e147403f55b"
        },
        {
          "type": "image",
          "assetId": "SOQoJqPrpiTi",
          "checksum": "5373c442a2bdbf89e0a87377d7c6e299"
        },
        {
          "type": "image",
          "assetId": "D47pAXNDxyPM",
          "checksum": "0864909fa0b33fa7b3e5e58c368042a1"
        },
        {
          "type": "image",
          "assetId": "-S-g7Mu9gtXz",
          "checksum": "32e8448ce7c38b4ef489742696b6769d"
        },
        {
          "type": "image",
          "assetId": "BVkWVsp_8x5m",
          "checksum": "6802a1211966d2355f84b68409e8d9b1"
        },
        {
          "type": "image",
          "assetId": "R29dQX4bCNUI",
          "checksum": "c4b500d67f1b55c7c57db0f297602cbf"
        },
        {
          "type": "image",
          "assetId": "M7GiU92zwvqu",
          "checksum": "5bfaeffe8ab647c9d167ea58a6dcfc09"
        },
        {
          "type": "image",
          "assetId": "kAzmWJ4ICOQ6",
          "checksum": "9499c128b84fa7d8ec4d68562ba8ae11"
        },
        {
          "type": "image",
          "assetId": "C-UIE4nmXpLV",
          "checksum": "70e00eb99ad5468f65d88b8a7c5ec6f0"
        },
        {
          "type": "image",
          "assetId": "1IssM_-_A0m_",
          "checksum": "a9fa5c13557e45751ad1c4435cdcfa1c"
        },
        {
          "type": "image",
          "assetId": "yNHE_8cnvqWu",
          "checksum": "7f40e1e53155b23a0f99caf9bcab60e9"
        },
        {
          "type": "image",
          "assetId": "c8q82J0Qti7X",
          "checksum": "ee43f263b85e4d08c72f9f972a019dd8"
        },
        {
          "type": "image",
          "assetId": "jUpuBFQE_RQk",
          "checksum": "950bfcffa6cb4018e412f4c5373f56a0"
        },
        {
          "type": "image",
          "assetId": "gs9o98CuAm4M",
          "checksum": "3da750b4a61c021842083c37014130ac"
        }
      ],
      "codegenVersion": "0.0.1"
    }
  ],
  "cliVersion": "0.1.330"
}
